<?xml version="1.0" encoding="UTF-8"?>
<CodeBlocks_project_file>
	<FileVersion major="1" minor="6"/>
	<Project>
		<Option title="Barker"/>
		<Option makefile_is_custom="1"/>
		<Option compiler="gcc"/>
		<Option virtualFolders="CMake Files\;CMake Files\..\;CMake Files\..\build-Barker-Desktop-Default\;CMake Files\..\build-Barker-Desktop-Default\googletest-src\;CMake Files\..\build-Barker-Desktop-Default\googletest-src\googlemock\;CMake Files\..\build-Barker-Desktop-Default\googletest-src\googlemock\cmake\;CMake Files\..\build-Barker-Desktop-Default\googletest-src\googletest\;CMake Files\..\build-Barker-Desktop-Default\googletest-src\googletest\cmake\;CMake Files\tests\;"/>
		<Build>
			<Target title="all">
				<Option working_dir="/home/u/Practicas_infind/build-Barker-Desktop-Default"/>
				<Option type="4"/>
				<MakeCommands>
					<Build command="/usr/bin/make -f &quot;/home/u/Practicas_infind/build-Barker-Desktop-Default/Makefile&quot;  VERBOSE=1 all"/>
					<CompileFile command="/usr/bin/make -f &quot;/home/u/Practicas_infind/build-Barker-Desktop-Default/Makefile&quot;  VERBOSE=1 &quot;$file&quot;"/>
					<Clean command="/usr/bin/make -f &quot;/home/u/Practicas_infind/build-Barker-Desktop-Default/Makefile&quot;  VERBOSE=1 clean"/>
					<DistClean command="/usr/bin/make -f &quot;/home/u/Practicas_infind/build-Barker-Desktop-Default/Makefile&quot;  VERBOSE=1 clean"/>
				</MakeCommands>
			</Target>
			<Target title="install/strip">
				<Option working_dir="/home/u/Practicas_infind/build-Barker-Desktop-Default"/>
				<Option type="4"/>
				<MakeCommands>
					<Build command="/usr/bin/make -f &quot;/home/u/Practicas_infind/build-Barker-Desktop-Default/Makefile&quot;  VERBOSE=1 install/strip"/>
					<CompileFile command="/usr/bin/make -f &quot;/home/u/Practicas_infind/build-Barker-Desktop-Default/Makefile&quot;  VERBOSE=1 &quot;$file&quot;"/>
					<Clean command="/usr/bin/make -f &quot;/home/u/Practicas_infind/build-Barker-Desktop-Default/Makefile&quot;  VERBOSE=1 clean"/>
					<DistClean command="/usr/bin/make -f &quot;/home/u/Practicas_infind/build-Barker-Desktop-Default/Makefile&quot;  VERBOSE=1 clean"/>
				</MakeCommands>
			</Target>
			<Target title="install/local">
				<Option working_dir="/home/u/Practicas_infind/build-Barker-Desktop-Default"/>
				<Option type="4"/>
				<MakeCommands>
					<Build command="/usr/bin/make -f &quot;/home/u/Practicas_infind/build-Barker-Desktop-Default/Makefile&quot;  VERBOSE=1 install/local"/>
					<CompileFile command="/usr/bin/make -f &quot;/home/u/Practicas_infind/build-Barker-Desktop-Default/Makefile&quot;  VERBOSE=1 &quot;$file&quot;"/>
					<Clean command="/usr/bin/make -f &quot;/home/u/Practicas_infind/build-Barker-Desktop-Default/Makefile&quot;  VERBOSE=1 clean"/>
					<DistClean command="/usr/bin/make -f &quot;/home/u/Practicas_infind/build-Barker-Desktop-Default/Makefile&quot;  VERBOSE=1 clean"/>
				</MakeCommands>
			</Target>
			<Target title="Barker">
				<Option output="/home/u/Practicas_infind/build-Barker-Desktop-Default/Barker" prefix_auto="0" extension_auto="0"/>
				<Option working_dir="/home/u/Practicas_infind/build-Barker-Desktop-Default"/>
				<Option object_output="./"/>
				<Option type="1"/>
				<Option compiler="gcc"/>
				<Compiler>
					<Add directory="/usr/include/c++/7"/>
					<Add directory="/usr/include/x86_64-linux-gnu/c++/7"/>
					<Add directory="/usr/include/c++/7/backward"/>
					<Add directory="/usr/lib/gcc/x86_64-linux-gnu/7/include"/>
					<Add directory="/usr/local/include"/>
					<Add directory="/usr/lib/gcc/x86_64-linux-gnu/7/include-fixed"/>
					<Add directory="/usr/include/x86_64-linux-gnu"/>
					<Add directory="/usr/include"/>
				</Compiler>
				<MakeCommands>
					<Build command="/usr/bin/make -f &quot;/home/u/Practicas_infind/build-Barker-Desktop-Default/Makefile&quot;  VERBOSE=1 Barker"/>
					<CompileFile command="/usr/bin/make -f &quot;/home/u/Practicas_infind/build-Barker-Desktop-Default/Makefile&quot;  VERBOSE=1 &quot;$file&quot;"/>
					<Clean command="/usr/bin/make -f &quot;/home/u/Practicas_infind/build-Barker-Desktop-Default/Makefile&quot;  VERBOSE=1 clean"/>
					<DistClean command="/usr/bin/make -f &quot;/home/u/Practicas_infind/build-Barker-Desktop-Default/Makefile&quot;  VERBOSE=1 clean"/>
				</MakeCommands>
			</Target>
			<Target title="Barker/fast">
				<Option output="/home/u/Practicas_infind/build-Barker-Desktop-Default/Barker" prefix_auto="0" extension_auto="0"/>
				<Option working_dir="/home/u/Practicas_infind/build-Barker-Desktop-Default"/>
				<Option object_output="./"/>
				<Option type="1"/>
				<Option compiler="gcc"/>
				<Compiler>
					<Add directory="/usr/include/c++/7"/>
					<Add directory="/usr/include/x86_64-linux-gnu/c++/7"/>
					<Add directory="/usr/include/c++/7/backward"/>
					<Add directory="/usr/lib/gcc/x86_64-linux-gnu/7/include"/>
					<Add directory="/usr/local/include"/>
					<Add directory="/usr/lib/gcc/x86_64-linux-gnu/7/include-fixed"/>
					<Add directory="/usr/include/x86_64-linux-gnu"/>
					<Add directory="/usr/include"/>
				</Compiler>
				<MakeCommands>
					<Build command="/usr/bin/make -f &quot;/home/u/Practicas_infind/build-Barker-Desktop-Default/Makefile&quot;  VERBOSE=1 Barker/fast"/>
					<CompileFile command="/usr/bin/make -f &quot;/home/u/Practicas_infind/build-Barker-Desktop-Default/Makefile&quot;  VERBOSE=1 &quot;$file&quot;"/>
					<Clean command="/usr/bin/make -f &quot;/home/u/Practicas_infind/build-Barker-Desktop-Default/Makefile&quot;  VERBOSE=1 clean"/>
					<DistClean command="/usr/bin/make -f &quot;/home/u/Practicas_infind/build-Barker-Desktop-Default/Makefile&quot;  VERBOSE=1 clean"/>
				</MakeCommands>
			</Target>
			<Target title="install">
				<Option working_dir="/home/u/Practicas_infind/build-Barker-Desktop-Default"/>
				<Option type="4"/>
				<MakeCommands>
					<Build command="/usr/bin/make -f &quot;/home/u/Practicas_infind/build-Barker-Desktop-Default/Makefile&quot;  VERBOSE=1 install"/>
					<CompileFile command="/usr/bin/make -f &quot;/home/u/Practicas_infind/build-Barker-Desktop-Default/Makefile&quot;  VERBOSE=1 &quot;$file&quot;"/>
					<Clean command="/usr/bin/make -f &quot;/home/u/Practicas_infind/build-Barker-Desktop-Default/Makefile&quot;  VERBOSE=1 clean"/>
					<DistClean command="/usr/bin/make -f &quot;/home/u/Practicas_infind/build-Barker-Desktop-Default/Makefile&quot;  VERBOSE=1 clean"/>
				</MakeCommands>
			</Target>
			<Target title="edit_cache">
				<Option working_dir="/home/u/Practicas_infind/build-Barker-Desktop-Default"/>
				<Option type="4"/>
				<MakeCommands>
					<Build command="/usr/bin/make -f &quot;/home/u/Practicas_infind/build-Barker-Desktop-Default/Makefile&quot;  VERBOSE=1 edit_cache"/>
					<CompileFile command="/usr/bin/make -f &quot;/home/u/Practicas_infind/build-Barker-Desktop-Default/Makefile&quot;  VERBOSE=1 &quot;$file&quot;"/>
					<Clean command="/usr/bin/make -f &quot;/home/u/Practicas_infind/build-Barker-Desktop-Default/Makefile&quot;  VERBOSE=1 clean"/>
					<DistClean command="/usr/bin/make -f &quot;/home/u/Practicas_infind/build-Barker-Desktop-Default/Makefile&quot;  VERBOSE=1 clean"/>
				</MakeCommands>
			</Target>
			<Target title="rebuild_cache">
				<Option working_dir="/home/u/Practicas_infind/build-Barker-Desktop-Default"/>
				<Option type="4"/>
				<MakeCommands>
					<Build command="/usr/bin/make -f &quot;/home/u/Practicas_infind/build-Barker-Desktop-Default/Makefile&quot;  VERBOSE=1 rebuild_cache"/>
					<CompileFile command="/usr/bin/make -f &quot;/home/u/Practicas_infind/build-Barker-Desktop-Default/Makefile&quot;  VERBOSE=1 &quot;$file&quot;"/>
					<Clean command="/usr/bin/make -f &quot;/home/u/Practicas_infind/build-Barker-Desktop-Default/Makefile&quot;  VERBOSE=1 clean"/>
					<DistClean command="/usr/bin/make -f &quot;/home/u/Practicas_infind/build-Barker-Desktop-Default/Makefile&quot;  VERBOSE=1 clean"/>
				</MakeCommands>
			</Target>
			<Target title="BarkerLib">
				<Option output="/home/u/Practicas_infind/build-Barker-Desktop-Default/libBarkerLib.a" prefix_auto="0" extension_auto="0"/>
				<Option working_dir="/home/u/Practicas_infind/build-Barker-Desktop-Default"/>
				<Option object_output="./"/>
				<Option type="2"/>
				<Option compiler="gcc"/>
				<Compiler>
					<Add directory="/usr/include/c++/7"/>
					<Add directory="/usr/include/x86_64-linux-gnu/c++/7"/>
					<Add directory="/usr/include/c++/7/backward"/>
					<Add directory="/usr/lib/gcc/x86_64-linux-gnu/7/include"/>
					<Add directory="/usr/local/include"/>
					<Add directory="/usr/lib/gcc/x86_64-linux-gnu/7/include-fixed"/>
					<Add directory="/usr/include/x86_64-linux-gnu"/>
					<Add directory="/usr/include"/>
				</Compiler>
				<MakeCommands>
					<Build command="/usr/bin/make -f &quot;/home/u/Practicas_infind/build-Barker-Desktop-Default/Makefile&quot;  VERBOSE=1 BarkerLib"/>
					<CompileFile command="/usr/bin/make -f &quot;/home/u/Practicas_infind/build-Barker-Desktop-Default/Makefile&quot;  VERBOSE=1 &quot;$file&quot;"/>
					<Clean command="/usr/bin/make -f &quot;/home/u/Practicas_infind/build-Barker-Desktop-Default/Makefile&quot;  VERBOSE=1 clean"/>
					<DistClean command="/usr/bin/make -f &quot;/home/u/Practicas_infind/build-Barker-Desktop-Default/Makefile&quot;  VERBOSE=1 clean"/>
				</MakeCommands>
			</Target>
			<Target title="BarkerLib/fast">
				<Option output="/home/u/Practicas_infind/build-Barker-Desktop-Default/libBarkerLib.a" prefix_auto="0" extension_auto="0"/>
				<Option working_dir="/home/u/Practicas_infind/build-Barker-Desktop-Default"/>
				<Option object_output="./"/>
				<Option type="2"/>
				<Option compiler="gcc"/>
				<Compiler>
					<Add directory="/usr/include/c++/7"/>
					<Add directory="/usr/include/x86_64-linux-gnu/c++/7"/>
					<Add directory="/usr/include/c++/7/backward"/>
					<Add directory="/usr/lib/gcc/x86_64-linux-gnu/7/include"/>
					<Add directory="/usr/local/include"/>
					<Add directory="/usr/lib/gcc/x86_64-linux-gnu/7/include-fixed"/>
					<Add directory="/usr/include/x86_64-linux-gnu"/>
					<Add directory="/usr/include"/>
				</Compiler>
				<MakeCommands>
					<Build command="/usr/bin/make -f &quot;/home/u/Practicas_infind/build-Barker-Desktop-Default/Makefile&quot;  VERBOSE=1 BarkerLib/fast"/>
					<CompileFile command="/usr/bin/make -f &quot;/home/u/Practicas_infind/build-Barker-Desktop-Default/Makefile&quot;  VERBOSE=1 &quot;$file&quot;"/>
					<Clean command="/usr/bin/make -f &quot;/home/u/Practicas_infind/build-Barker-Desktop-Default/Makefile&quot;  VERBOSE=1 clean"/>
					<DistClean command="/usr/bin/make -f &quot;/home/u/Practicas_infind/build-Barker-Desktop-Default/Makefile&quot;  VERBOSE=1 clean"/>
				</MakeCommands>
			</Target>
			<Target title="list_install_components">
				<Option working_dir="/home/u/Practicas_infind/build-Barker-Desktop-Default"/>
				<Option type="4"/>
				<MakeCommands>
					<Build command="/usr/bin/make -f &quot;/home/u/Practicas_infind/build-Barker-Desktop-Default/Makefile&quot;  VERBOSE=1 list_install_components"/>
					<CompileFile command="/usr/bin/make -f &quot;/home/u/Practicas_infind/build-Barker-Desktop-Default/Makefile&quot;  VERBOSE=1 &quot;$file&quot;"/>
					<Clean command="/usr/bin/make -f &quot;/home/u/Practicas_infind/build-Barker-Desktop-Default/Makefile&quot;  VERBOSE=1 clean"/>
					<DistClean command="/usr/bin/make -f &quot;/home/u/Practicas_infind/build-Barker-Desktop-Default/Makefile&quot;  VERBOSE=1 clean"/>
				</MakeCommands>
			</Target>
			<Target title="gmock_main">
				<Option output="/home/u/Practicas_infind/build-Barker-Desktop-Default/lib/libgmock_maind.a" prefix_auto="0" extension_auto="0"/>
				<Option working_dir="/home/u/Practicas_infind/build-Barker-Desktop-Default/googletest-build/googlemock"/>
				<Option object_output="./"/>
				<Option type="2"/>
				<Option compiler="gcc"/>
				<Compiler>
					<Add directory="/home/u/Practicas_infind/build-Barker-Desktop-Default/googletest-src/googlemock/include"/>
					<Add directory="/home/u/Practicas_infind/build-Barker-Desktop-Default/googletest-src/googlemock"/>
					<Add directory="/home/u/Practicas_infind/build-Barker-Desktop-Default/googletest-src/googletest/include"/>
					<Add directory="/home/u/Practicas_infind/build-Barker-Desktop-Default/googletest-src/googletest"/>
					<Add directory="/usr/include/c++/7"/>
					<Add directory="/usr/include/x86_64-linux-gnu/c++/7"/>
					<Add directory="/usr/include/c++/7/backward"/>
					<Add directory="/usr/lib/gcc/x86_64-linux-gnu/7/include"/>
					<Add directory="/usr/local/include"/>
					<Add directory="/usr/lib/gcc/x86_64-linux-gnu/7/include-fixed"/>
					<Add directory="/usr/include/x86_64-linux-gnu"/>
					<Add directory="/usr/include"/>
				</Compiler>
				<MakeCommands>
					<Build command="/usr/bin/make -f &quot;/home/u/Practicas_infind/build-Barker-Desktop-Default/googletest-build/googlemock/Makefile&quot;  VERBOSE=1 gmock_main"/>
					<CompileFile command="/usr/bin/make -f &quot;/home/u/Practicas_infind/build-Barker-Desktop-Default/googletest-build/googlemock/Makefile&quot;  VERBOSE=1 &quot;$file&quot;"/>
					<Clean command="/usr/bin/make -f &quot;/home/u/Practicas_infind/build-Barker-Desktop-Default/googletest-build/googlemock/Makefile&quot;  VERBOSE=1 clean"/>
					<DistClean command="/usr/bin/make -f &quot;/home/u/Practicas_infind/build-Barker-Desktop-Default/googletest-build/googlemock/Makefile&quot;  VERBOSE=1 clean"/>
				</MakeCommands>
			</Target>
			<Target title="gmock_main/fast">
				<Option output="/home/u/Practicas_infind/build-Barker-Desktop-Default/lib/libgmock_maind.a" prefix_auto="0" extension_auto="0"/>
				<Option working_dir="/home/u/Practicas_infind/build-Barker-Desktop-Default/googletest-build/googlemock"/>
				<Option object_output="./"/>
				<Option type="2"/>
				<Option compiler="gcc"/>
				<Compiler>
					<Add directory="/home/u/Practicas_infind/build-Barker-Desktop-Default/googletest-src/googlemock/include"/>
					<Add directory="/home/u/Practicas_infind/build-Barker-Desktop-Default/googletest-src/googlemock"/>
					<Add directory="/home/u/Practicas_infind/build-Barker-Desktop-Default/googletest-src/googletest/include"/>
					<Add directory="/home/u/Practicas_infind/build-Barker-Desktop-Default/googletest-src/googletest"/>
					<Add directory="/usr/include/c++/7"/>
					<Add directory="/usr/include/x86_64-linux-gnu/c++/7"/>
					<Add directory="/usr/include/c++/7/backward"/>
					<Add directory="/usr/lib/gcc/x86_64-linux-gnu/7/include"/>
					<Add directory="/usr/local/include"/>
					<Add directory="/usr/lib/gcc/x86_64-linux-gnu/7/include-fixed"/>
					<Add directory="/usr/include/x86_64-linux-gnu"/>
					<Add directory="/usr/include"/>
				</Compiler>
				<MakeCommands>
					<Build command="/usr/bin/make -f &quot;/home/u/Practicas_infind/build-Barker-Desktop-Default/googletest-build/googlemock/Makefile&quot;  VERBOSE=1 gmock_main/fast"/>
					<CompileFile command="/usr/bin/make -f &quot;/home/u/Practicas_infind/build-Barker-Desktop-Default/googletest-build/googlemock/Makefile&quot;  VERBOSE=1 &quot;$file&quot;"/>
					<Clean command="/usr/bin/make -f &quot;/home/u/Practicas_infind/build-Barker-Desktop-Default/googletest-build/googlemock/Makefile&quot;  VERBOSE=1 clean"/>
					<DistClean command="/usr/bin/make -f &quot;/home/u/Practicas_infind/build-Barker-Desktop-Default/googletest-build/googlemock/Makefile&quot;  VERBOSE=1 clean"/>
				</MakeCommands>
			</Target>
			<Target title="gmock">
				<Option output="/home/u/Practicas_infind/build-Barker-Desktop-Default/lib/libgmockd.a" prefix_auto="0" extension_auto="0"/>
				<Option working_dir="/home/u/Practicas_infind/build-Barker-Desktop-Default/googletest-build/googlemock"/>
				<Option object_output="./"/>
				<Option type="2"/>
				<Option compiler="gcc"/>
				<Compiler>
					<Add directory="/home/u/Practicas_infind/build-Barker-Desktop-Default/googletest-src/googlemock/include"/>
					<Add directory="/home/u/Practicas_infind/build-Barker-Desktop-Default/googletest-src/googlemock"/>
					<Add directory="/home/u/Practicas_infind/build-Barker-Desktop-Default/googletest-src/googletest/include"/>
					<Add directory="/home/u/Practicas_infind/build-Barker-Desktop-Default/googletest-src/googletest"/>
					<Add directory="/usr/include/c++/7"/>
					<Add directory="/usr/include/x86_64-linux-gnu/c++/7"/>
					<Add directory="/usr/include/c++/7/backward"/>
					<Add directory="/usr/lib/gcc/x86_64-linux-gnu/7/include"/>
					<Add directory="/usr/local/include"/>
					<Add directory="/usr/lib/gcc/x86_64-linux-gnu/7/include-fixed"/>
					<Add directory="/usr/include/x86_64-linux-gnu"/>
					<Add directory="/usr/include"/>
				</Compiler>
				<MakeCommands>
					<Build command="/usr/bin/make -f &quot;/home/u/Practicas_infind/build-Barker-Desktop-Default/googletest-build/googlemock/Makefile&quot;  VERBOSE=1 gmock"/>
					<CompileFile command="/usr/bin/make -f &quot;/home/u/Practicas_infind/build-Barker-Desktop-Default/googletest-build/googlemock/Makefile&quot;  VERBOSE=1 &quot;$file&quot;"/>
					<Clean command="/usr/bin/make -f &quot;/home/u/Practicas_infind/build-Barker-Desktop-Default/googletest-build/googlemock/Makefile&quot;  VERBOSE=1 clean"/>
					<DistClean command="/usr/bin/make -f &quot;/home/u/Practicas_infind/build-Barker-Desktop-Default/googletest-build/googlemock/Makefile&quot;  VERBOSE=1 clean"/>
				</MakeCommands>
			</Target>
			<Target title="gmock/fast">
				<Option output="/home/u/Practicas_infind/build-Barker-Desktop-Default/lib/libgmockd.a" prefix_auto="0" extension_auto="0"/>
				<Option working_dir="/home/u/Practicas_infind/build-Barker-Desktop-Default/googletest-build/googlemock"/>
				<Option object_output="./"/>
				<Option type="2"/>
				<Option compiler="gcc"/>
				<Compiler>
					<Add directory="/home/u/Practicas_infind/build-Barker-Desktop-Default/googletest-src/googlemock/include"/>
					<Add directory="/home/u/Practicas_infind/build-Barker-Desktop-Default/googletest-src/googlemock"/>
					<Add directory="/home/u/Practicas_infind/build-Barker-Desktop-Default/googletest-src/googletest/include"/>
					<Add directory="/home/u/Practicas_infind/build-Barker-Desktop-Default/googletest-src/googletest"/>
					<Add directory="/usr/include/c++/7"/>
					<Add directory="/usr/include/x86_64-linux-gnu/c++/7"/>
					<Add directory="/usr/include/c++/7/backward"/>
					<Add directory="/usr/lib/gcc/x86_64-linux-gnu/7/include"/>
					<Add directory="/usr/local/include"/>
					<Add directory="/usr/lib/gcc/x86_64-linux-gnu/7/include-fixed"/>
					<Add directory="/usr/include/x86_64-linux-gnu"/>
					<Add directory="/usr/include"/>
				</Compiler>
				<MakeCommands>
					<Build command="/usr/bin/make -f &quot;/home/u/Practicas_infind/build-Barker-Desktop-Default/googletest-build/googlemock/Makefile&quot;  VERBOSE=1 gmock/fast"/>
					<CompileFile command="/usr/bin/make -f &quot;/home/u/Practicas_infind/build-Barker-Desktop-Default/googletest-build/googlemock/Makefile&quot;  VERBOSE=1 &quot;$file&quot;"/>
					<Clean command="/usr/bin/make -f &quot;/home/u/Practicas_infind/build-Barker-Desktop-Default/googletest-build/googlemock/Makefile&quot;  VERBOSE=1 clean"/>
					<DistClean command="/usr/bin/make -f &quot;/home/u/Practicas_infind/build-Barker-Desktop-Default/googletest-build/googlemock/Makefile&quot;  VERBOSE=1 clean"/>
				</MakeCommands>
			</Target>
			<Target title="gtest_main">
				<Option output="/home/u/Practicas_infind/build-Barker-Desktop-Default/lib/libgtest_maind.a" prefix_auto="0" extension_auto="0"/>
				<Option working_dir="/home/u/Practicas_infind/build-Barker-Desktop-Default/googletest-build/googletest"/>
				<Option object_output="./"/>
				<Option type="2"/>
				<Option compiler="gcc"/>
				<Compiler>
					<Add directory="/home/u/Practicas_infind/build-Barker-Desktop-Default/googletest-src/googletest/include"/>
					<Add directory="/home/u/Practicas_infind/build-Barker-Desktop-Default/googletest-src/googletest"/>
					<Add directory="/usr/include/c++/7"/>
					<Add directory="/usr/include/x86_64-linux-gnu/c++/7"/>
					<Add directory="/usr/include/c++/7/backward"/>
					<Add directory="/usr/lib/gcc/x86_64-linux-gnu/7/include"/>
					<Add directory="/usr/local/include"/>
					<Add directory="/usr/lib/gcc/x86_64-linux-gnu/7/include-fixed"/>
					<Add directory="/usr/include/x86_64-linux-gnu"/>
					<Add directory="/usr/include"/>
				</Compiler>
				<MakeCommands>
					<Build command="/usr/bin/make -f &quot;/home/u/Practicas_infind/build-Barker-Desktop-Default/googletest-build/googletest/Makefile&quot;  VERBOSE=1 gtest_main"/>
					<CompileFile command="/usr/bin/make -f &quot;/home/u/Practicas_infind/build-Barker-Desktop-Default/googletest-build/googletest/Makefile&quot;  VERBOSE=1 &quot;$file&quot;"/>
					<Clean command="/usr/bin/make -f &quot;/home/u/Practicas_infind/build-Barker-Desktop-Default/googletest-build/googletest/Makefile&quot;  VERBOSE=1 clean"/>
					<DistClean command="/usr/bin/make -f &quot;/home/u/Practicas_infind/build-Barker-Desktop-Default/googletest-build/googletest/Makefile&quot;  VERBOSE=1 clean"/>
				</MakeCommands>
			</Target>
			<Target title="gtest_main/fast">
				<Option output="/home/u/Practicas_infind/build-Barker-Desktop-Default/lib/libgtest_maind.a" prefix_auto="0" extension_auto="0"/>
				<Option working_dir="/home/u/Practicas_infind/build-Barker-Desktop-Default/googletest-build/googletest"/>
				<Option object_output="./"/>
				<Option type="2"/>
				<Option compiler="gcc"/>
				<Compiler>
					<Add directory="/home/u/Practicas_infind/build-Barker-Desktop-Default/googletest-src/googletest/include"/>
					<Add directory="/home/u/Practicas_infind/build-Barker-Desktop-Default/googletest-src/googletest"/>
					<Add directory="/usr/include/c++/7"/>
					<Add directory="/usr/include/x86_64-linux-gnu/c++/7"/>
					<Add directory="/usr/include/c++/7/backward"/>
					<Add directory="/usr/lib/gcc/x86_64-linux-gnu/7/include"/>
					<Add directory="/usr/local/include"/>
					<Add directory="/usr/lib/gcc/x86_64-linux-gnu/7/include-fixed"/>
					<Add directory="/usr/include/x86_64-linux-gnu"/>
					<Add directory="/usr/include"/>
				</Compiler>
				<MakeCommands>
					<Build command="/usr/bin/make -f &quot;/home/u/Practicas_infind/build-Barker-Desktop-Default/googletest-build/googletest/Makefile&quot;  VERBOSE=1 gtest_main/fast"/>
					<CompileFile command="/usr/bin/make -f &quot;/home/u/Practicas_infind/build-Barker-Desktop-Default/googletest-build/googletest/Makefile&quot;  VERBOSE=1 &quot;$file&quot;"/>
					<Clean command="/usr/bin/make -f &quot;/home/u/Practicas_infind/build-Barker-Desktop-Default/googletest-build/googletest/Makefile&quot;  VERBOSE=1 clean"/>
					<DistClean command="/usr/bin/make -f &quot;/home/u/Practicas_infind/build-Barker-Desktop-Default/googletest-build/googletest/Makefile&quot;  VERBOSE=1 clean"/>
				</MakeCommands>
			</Target>
			<Target title="gtest">
				<Option output="/home/u/Practicas_infind/build-Barker-Desktop-Default/lib/libgtestd.a" prefix_auto="0" extension_auto="0"/>
				<Option working_dir="/home/u/Practicas_infind/build-Barker-Desktop-Default/googletest-build/googletest"/>
				<Option object_output="./"/>
				<Option type="2"/>
				<Option compiler="gcc"/>
				<Compiler>
					<Add directory="/home/u/Practicas_infind/build-Barker-Desktop-Default/googletest-src/googletest/include"/>
					<Add directory="/home/u/Practicas_infind/build-Barker-Desktop-Default/googletest-src/googletest"/>
					<Add directory="/usr/include/c++/7"/>
					<Add directory="/usr/include/x86_64-linux-gnu/c++/7"/>
					<Add directory="/usr/include/c++/7/backward"/>
					<Add directory="/usr/lib/gcc/x86_64-linux-gnu/7/include"/>
					<Add directory="/usr/local/include"/>
					<Add directory="/usr/lib/gcc/x86_64-linux-gnu/7/include-fixed"/>
					<Add directory="/usr/include/x86_64-linux-gnu"/>
					<Add directory="/usr/include"/>
				</Compiler>
				<MakeCommands>
					<Build command="/usr/bin/make -f &quot;/home/u/Practicas_infind/build-Barker-Desktop-Default/googletest-build/googletest/Makefile&quot;  VERBOSE=1 gtest"/>
					<CompileFile command="/usr/bin/make -f &quot;/home/u/Practicas_infind/build-Barker-Desktop-Default/googletest-build/googletest/Makefile&quot;  VERBOSE=1 &quot;$file&quot;"/>
					<Clean command="/usr/bin/make -f &quot;/home/u/Practicas_infind/build-Barker-Desktop-Default/googletest-build/googletest/Makefile&quot;  VERBOSE=1 clean"/>
					<DistClean command="/usr/bin/make -f &quot;/home/u/Practicas_infind/build-Barker-Desktop-Default/googletest-build/googletest/Makefile&quot;  VERBOSE=1 clean"/>
				</MakeCommands>
			</Target>
			<Target title="gtest/fast">
				<Option output="/home/u/Practicas_infind/build-Barker-Desktop-Default/lib/libgtestd.a" prefix_auto="0" extension_auto="0"/>
				<Option working_dir="/home/u/Practicas_infind/build-Barker-Desktop-Default/googletest-build/googletest"/>
				<Option object_output="./"/>
				<Option type="2"/>
				<Option compiler="gcc"/>
				<Compiler>
					<Add directory="/home/u/Practicas_infind/build-Barker-Desktop-Default/googletest-src/googletest/include"/>
					<Add directory="/home/u/Practicas_infind/build-Barker-Desktop-Default/googletest-src/googletest"/>
					<Add directory="/usr/include/c++/7"/>
					<Add directory="/usr/include/x86_64-linux-gnu/c++/7"/>
					<Add directory="/usr/include/c++/7/backward"/>
					<Add directory="/usr/lib/gcc/x86_64-linux-gnu/7/include"/>
					<Add directory="/usr/local/include"/>
					<Add directory="/usr/lib/gcc/x86_64-linux-gnu/7/include-fixed"/>
					<Add directory="/usr/include/x86_64-linux-gnu"/>
					<Add directory="/usr/include"/>
				</Compiler>
				<MakeCommands>
					<Build command="/usr/bin/make -f &quot;/home/u/Practicas_infind/build-Barker-Desktop-Default/googletest-build/googletest/Makefile&quot;  VERBOSE=1 gtest/fast"/>
					<CompileFile command="/usr/bin/make -f &quot;/home/u/Practicas_infind/build-Barker-Desktop-Default/googletest-build/googletest/Makefile&quot;  VERBOSE=1 &quot;$file&quot;"/>
					<Clean command="/usr/bin/make -f &quot;/home/u/Practicas_infind/build-Barker-Desktop-Default/googletest-build/googletest/Makefile&quot;  VERBOSE=1 clean"/>
					<DistClean command="/usr/bin/make -f &quot;/home/u/Practicas_infind/build-Barker-Desktop-Default/googletest-build/googletest/Makefile&quot;  VERBOSE=1 clean"/>
				</MakeCommands>
			</Target>
			<Target title="test_barker_manager_basic">
				<Option output="/home/u/Practicas_infind/build-Barker-Desktop-Default/tests/test_barker_manager_basic" prefix_auto="0" extension_auto="0"/>
				<Option working_dir="/home/u/Practicas_infind/build-Barker-Desktop-Default/tests"/>
				<Option object_output="./"/>
				<Option type="1"/>
				<Option compiler="gcc"/>
				<Compiler>
					<Add directory="/home/u/Practicas_infind/build-Barker-Desktop-Default/googletest-src/googletest/include"/>
					<Add directory="/home/u/Practicas_infind/build-Barker-Desktop-Default/googletest-src/googletest"/>
					<Add directory="/usr/include/c++/7"/>
					<Add directory="/usr/include/x86_64-linux-gnu/c++/7"/>
					<Add directory="/usr/include/c++/7/backward"/>
					<Add directory="/usr/lib/gcc/x86_64-linux-gnu/7/include"/>
					<Add directory="/usr/local/include"/>
					<Add directory="/usr/lib/gcc/x86_64-linux-gnu/7/include-fixed"/>
					<Add directory="/usr/include/x86_64-linux-gnu"/>
					<Add directory="/usr/include"/>
				</Compiler>
				<MakeCommands>
					<Build command="/usr/bin/make -f &quot;/home/u/Practicas_infind/build-Barker-Desktop-Default/tests/Makefile&quot;  VERBOSE=1 test_barker_manager_basic"/>
					<CompileFile command="/usr/bin/make -f &quot;/home/u/Practicas_infind/build-Barker-Desktop-Default/tests/Makefile&quot;  VERBOSE=1 &quot;$file&quot;"/>
					<Clean command="/usr/bin/make -f &quot;/home/u/Practicas_infind/build-Barker-Desktop-Default/tests/Makefile&quot;  VERBOSE=1 clean"/>
					<DistClean command="/usr/bin/make -f &quot;/home/u/Practicas_infind/build-Barker-Desktop-Default/tests/Makefile&quot;  VERBOSE=1 clean"/>
				</MakeCommands>
			</Target>
			<Target title="test_barker_manager_basic/fast">
				<Option output="/home/u/Practicas_infind/build-Barker-Desktop-Default/tests/test_barker_manager_basic" prefix_auto="0" extension_auto="0"/>
				<Option working_dir="/home/u/Practicas_infind/build-Barker-Desktop-Default/tests"/>
				<Option object_output="./"/>
				<Option type="1"/>
				<Option compiler="gcc"/>
				<Compiler>
					<Add directory="/home/u/Practicas_infind/build-Barker-Desktop-Default/googletest-src/googletest/include"/>
					<Add directory="/home/u/Practicas_infind/build-Barker-Desktop-Default/googletest-src/googletest"/>
					<Add directory="/usr/include/c++/7"/>
					<Add directory="/usr/include/x86_64-linux-gnu/c++/7"/>
					<Add directory="/usr/include/c++/7/backward"/>
					<Add directory="/usr/lib/gcc/x86_64-linux-gnu/7/include"/>
					<Add directory="/usr/local/include"/>
					<Add directory="/usr/lib/gcc/x86_64-linux-gnu/7/include-fixed"/>
					<Add directory="/usr/include/x86_64-linux-gnu"/>
					<Add directory="/usr/include"/>
				</Compiler>
				<MakeCommands>
					<Build command="/usr/bin/make -f &quot;/home/u/Practicas_infind/build-Barker-Desktop-Default/tests/Makefile&quot;  VERBOSE=1 test_barker_manager_basic/fast"/>
					<CompileFile command="/usr/bin/make -f &quot;/home/u/Practicas_infind/build-Barker-Desktop-Default/tests/Makefile&quot;  VERBOSE=1 &quot;$file&quot;"/>
					<Clean command="/usr/bin/make -f &quot;/home/u/Practicas_infind/build-Barker-Desktop-Default/tests/Makefile&quot;  VERBOSE=1 clean"/>
					<DistClean command="/usr/bin/make -f &quot;/home/u/Practicas_infind/build-Barker-Desktop-Default/tests/Makefile&quot;  VERBOSE=1 clean"/>
				</MakeCommands>
			</Target>
			<Target title="test_barker_user">
				<Option output="/home/u/Practicas_infind/build-Barker-Desktop-Default/tests/test_barker_user" prefix_auto="0" extension_auto="0"/>
				<Option working_dir="/home/u/Practicas_infind/build-Barker-Desktop-Default/tests"/>
				<Option object_output="./"/>
				<Option type="1"/>
				<Option compiler="gcc"/>
				<Compiler>
					<Add directory="/home/u/Practicas_infind/build-Barker-Desktop-Default/googletest-src/googletest/include"/>
					<Add directory="/home/u/Practicas_infind/build-Barker-Desktop-Default/googletest-src/googletest"/>
					<Add directory="/usr/include/c++/7"/>
					<Add directory="/usr/include/x86_64-linux-gnu/c++/7"/>
					<Add directory="/usr/include/c++/7/backward"/>
					<Add directory="/usr/lib/gcc/x86_64-linux-gnu/7/include"/>
					<Add directory="/usr/local/include"/>
					<Add directory="/usr/lib/gcc/x86_64-linux-gnu/7/include-fixed"/>
					<Add directory="/usr/include/x86_64-linux-gnu"/>
					<Add directory="/usr/include"/>
				</Compiler>
				<MakeCommands>
					<Build command="/usr/bin/make -f &quot;/home/u/Practicas_infind/build-Barker-Desktop-Default/tests/Makefile&quot;  VERBOSE=1 test_barker_user"/>
					<CompileFile command="/usr/bin/make -f &quot;/home/u/Practicas_infind/build-Barker-Desktop-Default/tests/Makefile&quot;  VERBOSE=1 &quot;$file&quot;"/>
					<Clean command="/usr/bin/make -f &quot;/home/u/Practicas_infind/build-Barker-Desktop-Default/tests/Makefile&quot;  VERBOSE=1 clean"/>
					<DistClean command="/usr/bin/make -f &quot;/home/u/Practicas_infind/build-Barker-Desktop-Default/tests/Makefile&quot;  VERBOSE=1 clean"/>
				</MakeCommands>
			</Target>
			<Target title="test_barker_user/fast">
				<Option output="/home/u/Practicas_infind/build-Barker-Desktop-Default/tests/test_barker_user" prefix_auto="0" extension_auto="0"/>
				<Option working_dir="/home/u/Practicas_infind/build-Barker-Desktop-Default/tests"/>
				<Option object_output="./"/>
				<Option type="1"/>
				<Option compiler="gcc"/>
				<Compiler>
					<Add directory="/home/u/Practicas_infind/build-Barker-Desktop-Default/googletest-src/googletest/include"/>
					<Add directory="/home/u/Practicas_infind/build-Barker-Desktop-Default/googletest-src/googletest"/>
					<Add directory="/usr/include/c++/7"/>
					<Add directory="/usr/include/x86_64-linux-gnu/c++/7"/>
					<Add directory="/usr/include/c++/7/backward"/>
					<Add directory="/usr/lib/gcc/x86_64-linux-gnu/7/include"/>
					<Add directory="/usr/local/include"/>
					<Add directory="/usr/lib/gcc/x86_64-linux-gnu/7/include-fixed"/>
					<Add directory="/usr/include/x86_64-linux-gnu"/>
					<Add directory="/usr/include"/>
				</Compiler>
				<MakeCommands>
					<Build command="/usr/bin/make -f &quot;/home/u/Practicas_infind/build-Barker-Desktop-Default/tests/Makefile&quot;  VERBOSE=1 test_barker_user/fast"/>
					<CompileFile command="/usr/bin/make -f &quot;/home/u/Practicas_infind/build-Barker-Desktop-Default/tests/Makefile&quot;  VERBOSE=1 &quot;$file&quot;"/>
					<Clean command="/usr/bin/make -f &quot;/home/u/Practicas_infind/build-Barker-Desktop-Default/tests/Makefile&quot;  VERBOSE=1 clean"/>
					<DistClean command="/usr/bin/make -f &quot;/home/u/Practicas_infind/build-Barker-Desktop-Default/tests/Makefile&quot;  VERBOSE=1 clean"/>
				</MakeCommands>
			</Target>
			<Target title="test_barker_publication">
				<Option output="/home/u/Practicas_infind/build-Barker-Desktop-Default/tests/test_barker_publication" prefix_auto="0" extension_auto="0"/>
				<Option working_dir="/home/u/Practicas_infind/build-Barker-Desktop-Default/tests"/>
				<Option object_output="./"/>
				<Option type="1"/>
				<Option compiler="gcc"/>
				<Compiler>
					<Add directory="/home/u/Practicas_infind/build-Barker-Desktop-Default/googletest-src/googletest/include"/>
					<Add directory="/home/u/Practicas_infind/build-Barker-Desktop-Default/googletest-src/googletest"/>
					<Add directory="/usr/include/c++/7"/>
					<Add directory="/usr/include/x86_64-linux-gnu/c++/7"/>
					<Add directory="/usr/include/c++/7/backward"/>
					<Add directory="/usr/lib/gcc/x86_64-linux-gnu/7/include"/>
					<Add directory="/usr/local/include"/>
					<Add directory="/usr/lib/gcc/x86_64-linux-gnu/7/include-fixed"/>
					<Add directory="/usr/include/x86_64-linux-gnu"/>
					<Add directory="/usr/include"/>
				</Compiler>
				<MakeCommands>
					<Build command="/usr/bin/make -f &quot;/home/u/Practicas_infind/build-Barker-Desktop-Default/tests/Makefile&quot;  VERBOSE=1 test_barker_publication"/>
					<CompileFile command="/usr/bin/make -f &quot;/home/u/Practicas_infind/build-Barker-Desktop-Default/tests/Makefile&quot;  VERBOSE=1 &quot;$file&quot;"/>
					<Clean command="/usr/bin/make -f &quot;/home/u/Practicas_infind/build-Barker-Desktop-Default/tests/Makefile&quot;  VERBOSE=1 clean"/>
					<DistClean command="/usr/bin/make -f &quot;/home/u/Practicas_infind/build-Barker-Desktop-Default/tests/Makefile&quot;  VERBOSE=1 clean"/>
				</MakeCommands>
			</Target>
			<Target title="test_barker_publication/fast">
				<Option output="/home/u/Practicas_infind/build-Barker-Desktop-Default/tests/test_barker_publication" prefix_auto="0" extension_auto="0"/>
				<Option working_dir="/home/u/Practicas_infind/build-Barker-Desktop-Default/tests"/>
				<Option object_output="./"/>
				<Option type="1"/>
				<Option compiler="gcc"/>
				<Compiler>
					<Add directory="/home/u/Practicas_infind/build-Barker-Desktop-Default/googletest-src/googletest/include"/>
					<Add directory="/home/u/Practicas_infind/build-Barker-Desktop-Default/googletest-src/googletest"/>
					<Add directory="/usr/include/c++/7"/>
					<Add directory="/usr/include/x86_64-linux-gnu/c++/7"/>
					<Add directory="/usr/include/c++/7/backward"/>
					<Add directory="/usr/lib/gcc/x86_64-linux-gnu/7/include"/>
					<Add directory="/usr/local/include"/>
					<Add directory="/usr/lib/gcc/x86_64-linux-gnu/7/include-fixed"/>
					<Add directory="/usr/include/x86_64-linux-gnu"/>
					<Add directory="/usr/include"/>
				</Compiler>
				<MakeCommands>
					<Build command="/usr/bin/make -f &quot;/home/u/Practicas_infind/build-Barker-Desktop-Default/tests/Makefile&quot;  VERBOSE=1 test_barker_publication/fast"/>
					<CompileFile command="/usr/bin/make -f &quot;/home/u/Practicas_infind/build-Barker-Desktop-Default/tests/Makefile&quot;  VERBOSE=1 &quot;$file&quot;"/>
					<Clean command="/usr/bin/make -f &quot;/home/u/Practicas_infind/build-Barker-Desktop-Default/tests/Makefile&quot;  VERBOSE=1 clean"/>
					<DistClean command="/usr/bin/make -f &quot;/home/u/Practicas_infind/build-Barker-Desktop-Default/tests/Makefile&quot;  VERBOSE=1 clean"/>
				</MakeCommands>
			</Target>
			<Target title="test_barker_publication_integration">
				<Option output="/home/u/Practicas_infind/build-Barker-Desktop-Default/tests/test_barker_publication_integration" prefix_auto="0" extension_auto="0"/>
				<Option working_dir="/home/u/Practicas_infind/build-Barker-Desktop-Default/tests"/>
				<Option object_output="./"/>
				<Option type="1"/>
				<Option compiler="gcc"/>
				<Compiler>
					<Add directory="/home/u/Practicas_infind/build-Barker-Desktop-Default/googletest-src/googletest/include"/>
					<Add directory="/home/u/Practicas_infind/build-Barker-Desktop-Default/googletest-src/googletest"/>
					<Add directory="/usr/include/c++/7"/>
					<Add directory="/usr/include/x86_64-linux-gnu/c++/7"/>
					<Add directory="/usr/include/c++/7/backward"/>
					<Add directory="/usr/lib/gcc/x86_64-linux-gnu/7/include"/>
					<Add directory="/usr/local/include"/>
					<Add directory="/usr/lib/gcc/x86_64-linux-gnu/7/include-fixed"/>
					<Add directory="/usr/include/x86_64-linux-gnu"/>
					<Add directory="/usr/include"/>
				</Compiler>
				<MakeCommands>
					<Build command="/usr/bin/make -f &quot;/home/u/Practicas_infind/build-Barker-Desktop-Default/tests/Makefile&quot;  VERBOSE=1 test_barker_publication_integration"/>
					<CompileFile command="/usr/bin/make -f &quot;/home/u/Practicas_infind/build-Barker-Desktop-Default/tests/Makefile&quot;  VERBOSE=1 &quot;$file&quot;"/>
					<Clean command="/usr/bin/make -f &quot;/home/u/Practicas_infind/build-Barker-Desktop-Default/tests/Makefile&quot;  VERBOSE=1 clean"/>
					<DistClean command="/usr/bin/make -f &quot;/home/u/Practicas_infind/build-Barker-Desktop-Default/tests/Makefile&quot;  VERBOSE=1 clean"/>
				</MakeCommands>
			</Target>
			<Target title="test_barker_publication_integration/fast">
				<Option output="/home/u/Practicas_infind/build-Barker-Desktop-Default/tests/test_barker_publication_integration" prefix_auto="0" extension_auto="0"/>
				<Option working_dir="/home/u/Practicas_infind/build-Barker-Desktop-Default/tests"/>
				<Option object_output="./"/>
				<Option type="1"/>
				<Option compiler="gcc"/>
				<Compiler>
					<Add directory="/home/u/Practicas_infind/build-Barker-Desktop-Default/googletest-src/googletest/include"/>
					<Add directory="/home/u/Practicas_infind/build-Barker-Desktop-Default/googletest-src/googletest"/>
					<Add directory="/usr/include/c++/7"/>
					<Add directory="/usr/include/x86_64-linux-gnu/c++/7"/>
					<Add directory="/usr/include/c++/7/backward"/>
					<Add directory="/usr/lib/gcc/x86_64-linux-gnu/7/include"/>
					<Add directory="/usr/local/include"/>
					<Add directory="/usr/lib/gcc/x86_64-linux-gnu/7/include-fixed"/>
					<Add directory="/usr/include/x86_64-linux-gnu"/>
					<Add directory="/usr/include"/>
				</Compiler>
				<MakeCommands>
					<Build command="/usr/bin/make -f &quot;/home/u/Practicas_infind/build-Barker-Desktop-Default/tests/Makefile&quot;  VERBOSE=1 test_barker_publication_integration/fast"/>
					<CompileFile command="/usr/bin/make -f &quot;/home/u/Practicas_infind/build-Barker-Desktop-Default/tests/Makefile&quot;  VERBOSE=1 &quot;$file&quot;"/>
					<Clean command="/usr/bin/make -f &quot;/home/u/Practicas_infind/build-Barker-Desktop-Default/tests/Makefile&quot;  VERBOSE=1 clean"/>
					<DistClean command="/usr/bin/make -f &quot;/home/u/Practicas_infind/build-Barker-Desktop-Default/tests/Makefile&quot;  VERBOSE=1 clean"/>
				</MakeCommands>
			</Target>
		</Build>
		<Unit filename="/home/u/Practicas_infind/Barker/Bark.cpp">
			<Option target="BarkerLib"/>
		</Unit>
		<Unit filename="/home/u/Practicas_infind/Barker/Bark.hpp">
			<Option target="BarkerLib"/>
		</Unit>
		<Unit filename="/home/u/Practicas_infind/Barker/Manager.cpp">
			<Option target="BarkerLib"/>
		</Unit>
		<Unit filename="/home/u/Practicas_infind/Barker/Manager.hpp">
			<Option target="BarkerLib"/>
		</Unit>
		<Unit filename="/home/u/Practicas_infind/Barker/PrivateUserData.cpp">
			<Option target="BarkerLib"/>
		</Unit>
		<Unit filename="/home/u/Practicas_infind/Barker/PrivateUserData.hpp">
			<Option target="BarkerLib"/>
		</Unit>
		<Unit filename="/home/u/Practicas_infind/Barker/PublicUserData.cpp">
			<Option target="BarkerLib"/>
		</Unit>
		<Unit filename="/home/u/Practicas_infind/Barker/PublicUserData.hpp">
			<Option target="BarkerLib"/>
		</Unit>
		<Unit filename="/home/u/Practicas_infind/Barker/Publication.cpp">
			<Option target="BarkerLib"/>
		</Unit>
		<Unit filename="/home/u/Practicas_infind/Barker/Publication.hpp">
			<Option target="BarkerLib"/>
		</Unit>
		<Unit filename="/home/u/Practicas_infind/Barker/Rebark.cpp">
			<Option target="BarkerLib"/>
		</Unit>
		<Unit filename="/home/u/Practicas_infind/Barker/Rebark.hpp">
			<Option target="BarkerLib"/>
		</Unit>
		<Unit filename="/home/u/Practicas_infind/Barker/Reply.cpp">
			<Option target="BarkerLib"/>
		</Unit>
		<Unit filename="/home/u/Practicas_infind/Barker/Reply.hpp">
			<Option target="BarkerLib"/>
		</Unit>
		<Unit filename="/home/u/Practicas_infind/Barker/User.cpp">
			<Option target="BarkerLib"/>
		</Unit>
		<Unit filename="/home/u/Practicas_infind/Barker/User.hpp">
			<Option target="BarkerLib"/>
		</Unit>
		<Unit filename="/home/u/Practicas_infind/Barker/main.cpp">
			<Option target="Barker"/>
		</Unit>
		<Unit filename="/home/u/Practicas_infind/Barker/tests/test_barker_manager_basic.cpp">
			<Option target="test_barker_manager_basic"/>
		</Unit>
		<Unit filename="/home/u/Practicas_infind/Barker/tests/test_barker_publication.cpp">
			<Option target="test_barker_publication"/>
		</Unit>
		<Unit filename="/home/u/Practicas_infind/Barker/tests/test_barker_publication_integration.cpp">
			<Option target="test_barker_publication_integration"/>
		</Unit>
		<Unit filename="/home/u/Practicas_infind/Barker/tests/test_barker_user.cpp">
			<Option target="test_barker_user"/>
		</Unit>
		<Unit filename="/home/u/Practicas_infind/build-Barker-Desktop-Default/googletest-src/googlemock/src/gmock-all.cc">
			<Option target="gmock"/>
		</Unit>
		<Unit filename="/home/u/Practicas_infind/build-Barker-Desktop-Default/googletest-src/googlemock/src/gmock_main.cc">
			<Option target="gmock_main"/>
		</Unit>
		<Unit filename="/home/u/Practicas_infind/build-Barker-Desktop-Default/googletest-src/googletest/src/gtest-all.cc">
			<Option target="gtest"/>
		</Unit>
		<Unit filename="/home/u/Practicas_infind/build-Barker-Desktop-Default/googletest-src/googletest/src/gtest_main.cc">
			<Option target="gtest_main"/>
		</Unit>
		<Unit filename="/home/u/Practicas_infind/Barker/CMakeLists.txt">
			<Option virtualFolder="CMake Files\"/>
		</Unit>
		<Unit filename="/home/u/Practicas_infind/Barker/CMakeLists.txt.in">
			<Option virtualFolder="CMake Files\"/>
		</Unit>
		<Unit filename="/home/u/Practicas_infind/Barker/../build-Barker-Desktop-Default/googletest-src/CMakeLists.txt">
			<Option virtualFolder="CMake Files\..\build-Barker-Desktop-Default\googletest-src\"/>
		</Unit>
		<Unit filename="/home/u/Practicas_infind/Barker/../build-Barker-Desktop-Default/googletest-src/googlemock/CMakeLists.txt">
			<Option virtualFolder="CMake Files\..\build-Barker-Desktop-Default\googletest-src\googlemock\"/>
		</Unit>
		<Unit filename="/home/u/Practicas_infind/Barker/../build-Barker-Desktop-Default/googletest-src/googlemock/cmake/gmock.pc.in">
			<Option virtualFolder="CMake Files\..\build-Barker-Desktop-Default\googletest-src\googlemock\cmake\"/>
		</Unit>
		<Unit filename="/home/u/Practicas_infind/Barker/../build-Barker-Desktop-Default/googletest-src/googlemock/cmake/gmock_main.pc.in">
			<Option virtualFolder="CMake Files\..\build-Barker-Desktop-Default\googletest-src\googlemock\cmake\"/>
		</Unit>
		<Unit filename="/home/u/Practicas_infind/Barker/../build-Barker-Desktop-Default/googletest-src/googletest/CMakeLists.txt">
			<Option virtualFolder="CMake Files\..\build-Barker-Desktop-Default\googletest-src\googletest\"/>
		</Unit>
		<Unit filename="/home/u/Practicas_infind/Barker/../build-Barker-Desktop-Default/googletest-src/googletest/cmake/Config.cmake.in">
			<Option virtualFolder="CMake Files\..\build-Barker-Desktop-Default\googletest-src\googletest\cmake\"/>
		</Unit>
		<Unit filename="/home/u/Practicas_infind/Barker/../build-Barker-Desktop-Default/googletest-src/googletest/cmake/gtest.pc.in">
			<Option virtualFolder="CMake Files\..\build-Barker-Desktop-Default\googletest-src\googletest\cmake\"/>
		</Unit>
		<Unit filename="/home/u/Practicas_infind/Barker/../build-Barker-Desktop-Default/googletest-src/googletest/cmake/gtest_main.pc.in">
			<Option virtualFolder="CMake Files\..\build-Barker-Desktop-Default\googletest-src\googletest\cmake\"/>
		</Unit>
		<Unit filename="/home/u/Practicas_infind/Barker/../build-Barker-Desktop-Default/googletest-src/googletest/cmake/internal_utils.cmake">
			<Option virtualFolder="CMake Files\..\build-Barker-Desktop-Default\googletest-src\googletest\cmake\"/>
		</Unit>
		<Unit filename="/home/u/Practicas_infind/Barker/tests/CMakeLists.txt">
			<Option virtualFolder="CMake Files\tests\"/>
		</Unit>
	</Project>
</CodeBlocks_project_file>
